
Microsoft Visual Studio Solution File, Format Version 12.00
# Visual Studio Version 17
VisualStudioVersion = 17.5.002.0
MinimumVisualStudioVersion = 10.0.40219.1
Project("{9A19103F-16F7-4668-BE54-9A1E7A4F7556}") = "BattleLog.API", "BattleLog.API.csproj", "{8EAE4FE6-A354-4764-8F53-3F419EEEB56D}"
EndProject
Global
	GlobalSection(SolutionConfigurationPlatforms) = preSolution
		Debug|Any CPU = Debug|Any CPU
		Release|Any CPU = Release|Any CPU
	EndGlobalSection
	GlobalSection(ProjectConfigurationPlatforms) = postSolution
		{8EAE4FE6-A354-4764-8F53-3F419EEEB56D}.Debug|Any CPU.ActiveCfg = Debug|Any CPU
		{8EAE4FE6-A354-4764-8F53-3F419EEEB56D}.Debug|Any CPU.Build.0 = Debug|Any CPU
		{8EAE4FE6-A354-4764-8F53-3F419EEEB56D}.Release|Any CPU.ActiveCfg = Release|Any CPU
		{8EAE4FE6-A354-4764-8F53-3F419EEEB56D}.Release|Any CPU.Build.0 = Release|Any CPU
	EndGlobalSection
	GlobalSection(SolutionProperties) = preSolution
		HideSolutionNode = FALSE
	EndGlobalSection
	GlobalSection(ExtensibilityGlobals) = postSolution
		SolutionGuid = {B69706F4-94FD-4D65-B07A-F727C29BBB96}
	EndGlobalSection
EndGlobal
