
Microsoft Visual Studio Solution File, Format Version 12.00
# Visual Studio Version 17
VisualStudioVersion = 17.5.002.0
MinimumVisualStudioVersion = 10.0.40219.1
Project("{9A19103F-16F7-4668-BE54-9A1E7A4F7556}") = "BattleLog.API", "BattleLog.API\BattleLog.API.csproj", "{D8473411-70B5-4DAE-BB8A-FE2411452174}"
EndProject
Project("{9A19103F-16F7-4668-BE54-9A1E7A4F7556}") = "BattleLog.TEST", "BattleLog.TEST\BattleLog.TEST.csproj", "{C63A6693-B9E0-42DD-AAF8-A49F19C37CCB}"
EndProject
Global
	GlobalSection(SolutionConfigurationPlatforms) = preSolution
		Debug|Any CPU = Debug|Any CPU
		Release|Any CPU = Release|Any CPU
	EndGlobalSection
	GlobalSection(ProjectConfigurationPlatforms) = postSolution
		{D8473411-70B5-4DAE-BB8A-FE2411452174}.Debug|Any CPU.ActiveCfg = Debug|Any CPU
		{D8473411-70B5-4DAE-BB8A-FE2411452174}.Debug|Any CPU.Build.0 = Debug|Any CPU
		{D8473411-70B5-4DAE-BB8A-FE2411452174}.Release|Any CPU.ActiveCfg = Release|Any CPU
		{D8473411-70B5-4DAE-BB8A-FE2411452174}.Release|Any CPU.Build.0 = Release|Any CPU
		{C63A6693-B9E0-42DD-AAF8-A49F19C37CCB}.Debug|Any CPU.ActiveCfg = Debug|Any CPU
		{C63A6693-B9E0-42DD-AAF8-A49F19C37CCB}.Debug|Any CPU.Build.0 = Debug|Any CPU
		{C63A6693-B9E0-42DD-AAF8-A49F19C37CCB}.Release|Any CPU.ActiveCfg = Release|Any CPU
		{C63A6693-B9E0-42DD-AAF8-A49F19C37CCB}.Release|Any CPU.Build.0 = Release|Any CPU
	EndGlobalSection
	GlobalSection(SolutionProperties) = preSolution
		HideSolutionNode = FALSE
	EndGlobalSection
	GlobalSection(ExtensibilityGlobals) = postSolution
		SolutionGuid = {1A314B0D-8318-4688-88D8-8701A9160E28}
	EndGlobalSection
EndGlobal
